
Microsoft Visual Studio Solution File, Format Version 12.00
# Visual Studio Version 17
VisualStudioVersion = 17.4.33403.182
MinimumVisualStudioVersion = 10.0.40219.1
Project("{FAE04EC0-301F-11D3-BF4B-00C04F79EFBC}") = "LogixForms", "LogixForms.csproj", "{6B14E91F-2229-4224-9B0A-69A7BE96B94F}"
EndProject
Global
	GlobalSection(SolutionConfigurationPlatforms) = preSolution
		Debug|Any CPU = Debug|Any CPU
		Release|Any CPU = Release|Any CPU
	EndGlobalSection
	GlobalSection(ProjectConfigurationPlatforms) = postSolution
		{6B14E91F-2229-4224-9B0A-69A7BE96B94F}.Debug|Any CPU.ActiveCfg = Debug|Any CPU
		{6B14E91F-2229-4224-9B0A-69A7BE96B94F}.Debug|Any CPU.Build.0 = Debug|Any CPU
		{6B14E91F-2229-4224-9B0A-69A7BE96B94F}.Release|Any CPU.ActiveCfg = Release|Any CPU
		{6B14E91F-2229-4224-9B0A-69A7BE96B94F}.Release|Any CPU.Build.0 = Release|Any CPU
	EndGlobalSection
	GlobalSection(SolutionProperties) = preSolution
		HideSolutionNode = FALSE
	EndGlobalSection
	GlobalSection(ExtensibilityGlobals) = postSolution
		SolutionGuid = {22215445-C7C3-49B6-827A-E84E4DF3764C}
	EndGlobalSection
EndGlobal
